
Microsoft Visual Studio Solution File, Format Version 12.00
# Visual Studio Version 17
VisualStudioVersion = 17.4.33110.190
MinimumVisualStudioVersion = 10.0.40219.1
Project("{FAE04EC0-301F-11D3-BF4B-00C04F79EFBC}") = "WebApp-shark", "WebApp-shark\WebApp-shark.csproj", "{078E6035-A72D-4ED7-8F68-65F884C794D7}"
EndProject
Global
	GlobalSection(SolutionConfigurationPlatforms) = preSolution
		Debug|Any CPU = Debug|Any CPU
		Release|Any CPU = Release|Any CPU
	EndGlobalSection
	GlobalSection(ProjectConfigurationPlatforms) = postSolution
		{078E6035-A72D-4ED7-8F68-65F884C794D7}.Debug|Any CPU.ActiveCfg = Debug|Any CPU
		{078E6035-A72D-4ED7-8F68-65F884C794D7}.Debug|Any CPU.Build.0 = Debug|Any CPU
		{078E6035-A72D-4ED7-8F68-65F884C794D7}.Release|Any CPU.ActiveCfg = Release|Any CPU
		{078E6035-A72D-4ED7-8F68-65F884C794D7}.Release|Any CPU.Build.0 = Release|Any CPU
	EndGlobalSection
	GlobalSection(SolutionProperties) = preSolution
		HideSolutionNode = FALSE
	EndGlobalSection
	GlobalSection(ExtensibilityGlobals) = postSolution
		SolutionGuid = {8E97D53F-22FD-425A-9618-564F1BECC9BA}
	EndGlobalSection
EndGlobal
